
Microsoft Visual Studio Solution File, Format Version 12.00
# Visual Studio Version 17
VisualStudioVersion = 17.12.35707.178
MinimumVisualStudioVersion = 10.0.40219.1
Project("{FAE04EC0-301F-11D3-BF4B-00C04F79EFBC}") = "Core.API", "Core\Core.API\Core.API.csproj", "{AEB1A17C-FCAF-4606-B57F-B6B9F70210F7}"
EndProject
Project("{FAE04EC0-301F-11D3-BF4B-00C04F79EFBC}") = "Core.Application", "Core\Core.Application\Core.Application.csproj", "{FE3946AE-469D-482C-A317-EF52FE6AF7FE}"
EndProject
Project("{FAE04EC0-301F-11D3-BF4B-00C04F79EFBC}") = "Core.Domain", "Core\Core.Domain\Core.Domain.csproj", "{CCE213FC-2652-4123-A84A-15BB341B6FFE}"
EndProject
Project("{FAE04EC0-301F-11D3-BF4B-00C04F79EFBC}") = "Core.Infrastructure", "Core\Core.Infrastructure\Core.Infrastructure.csproj", "{AA7FB958-59FB-42AA-8202-1149AFD64E5C}"
EndProject
Project("{FAE04EC0-301F-11D3-BF4B-00C04F79EFBC}") = "Shared", "Shared\Shared\Shared.csproj", "{CDA26D49-EB7E-4963-8E99-F13C9791D8DE}"
EndProject
Project("{2150E333-8FDC-42A3-9474-1A3956D46DE8}") = "Shared", "Shared", "{4F52FD11-658E-A102-6CD3-7D7C16FFA15B}"
EndProject
Project("{FAE04EC0-301F-11D3-BF4B-00C04F79EFBC}") = "Shared.Messaging", "Shared\Shared.Messaging\Shared.Messaging.csproj", "{88AF07BA-5887-4B31-9916-29CED1DB2306}"
EndProject
Global
	GlobalSection(SolutionConfigurationPlatforms) = preSolution
		Debug|Any CPU = Debug|Any CPU
		Debug|x64 = Debug|x64
		Debug|x86 = Debug|x86
		Release|Any CPU = Release|Any CPU
		Release|x64 = Release|x64
		Release|x86 = Release|x86
	EndGlobalSection
	GlobalSection(ProjectConfigurationPlatforms) = postSolution
		{AEB1A17C-FCAF-4606-B57F-B6B9F70210F7}.Debug|Any CPU.ActiveCfg = Debug|Any CPU
		{AEB1A17C-FCAF-4606-B57F-B6B9F70210F7}.Debug|Any CPU.Build.0 = Debug|Any CPU
		{AEB1A17C-FCAF-4606-B57F-B6B9F70210F7}.Debug|x64.ActiveCfg = Debug|Any CPU
		{AEB1A17C-FCAF-4606-B57F-B6B9F70210F7}.Debug|x64.Build.0 = Debug|Any CPU
		{AEB1A17C-FCAF-4606-B57F-B6B9F70210F7}.Debug|x86.ActiveCfg = Debug|Any CPU
		{AEB1A17C-FCAF-4606-B57F-B6B9F70210F7}.Debug|x86.Build.0 = Debug|Any CPU
		{AEB1A17C-FCAF-4606-B57F-B6B9F70210F7}.Release|Any CPU.ActiveCfg = Release|Any CPU
		{AEB1A17C-FCAF-4606-B57F-B6B9F70210F7}.Release|Any CPU.Build.0 = Release|Any CPU
		{AEB1A17C-FCAF-4606-B57F-B6B9F70210F7}.Release|x64.ActiveCfg = Release|Any CPU
		{AEB1A17C-FCAF-4606-B57F-B6B9F70210F7}.Release|x64.Build.0 = Release|Any CPU
		{AEB1A17C-FCAF-4606-B57F-B6B9F70210F7}.Release|x86.ActiveCfg = Release|Any CPU
		{AEB1A17C-FCAF-4606-B57F-B6B9F70210F7}.Release|x86.Build.0 = Release|Any CPU
		{FE3946AE-469D-482C-A317-EF52FE6AF7FE}.Debug|Any CPU.ActiveCfg = Debug|Any CPU
		{FE3946AE-469D-482C-A317-EF52FE6AF7FE}.Debug|Any CPU.Build.0 = Debug|Any CPU
		{FE3946AE-469D-482C-A317-EF52FE6AF7FE}.Debug|x64.ActiveCfg = Debug|Any CPU
		{FE3946AE-469D-482C-A317-EF52FE6AF7FE}.Debug|x64.Build.0 = Debug|Any CPU
		{FE3946AE-469D-482C-A317-EF52FE6AF7FE}.Debug|x86.ActiveCfg = Debug|Any CPU
		{FE3946AE-469D-482C-A317-EF52FE6AF7FE}.Debug|x86.Build.0 = Debug|Any CPU
		{FE3946AE-469D-482C-A317-EF52FE6AF7FE}.Release|Any CPU.ActiveCfg = Release|Any CPU
		{FE3946AE-469D-482C-A317-EF52FE6AF7FE}.Release|Any CPU.Build.0 = Release|Any CPU
		{FE3946AE-469D-482C-A317-EF52FE6AF7FE}.Release|x64.ActiveCfg = Release|Any CPU
		{FE3946AE-469D-482C-A317-EF52FE6AF7FE}.Release|x64.Build.0 = Release|Any CPU
		{FE3946AE-469D-482C-A317-EF52FE6AF7FE}.Release|x86.ActiveCfg = Release|Any CPU
		{FE3946AE-469D-482C-A317-EF52FE6AF7FE}.Release|x86.Build.0 = Release|Any CPU
		{CCE213FC-2652-4123-A84A-15BB341B6FFE}.Debug|Any CPU.ActiveCfg = Debug|Any CPU
		{CCE213FC-2652-4123-A84A-15BB341B6FFE}.Debug|Any CPU.Build.0 = Debug|Any CPU
		{CCE213FC-2652-4123-A84A-15BB341B6FFE}.Debug|x64.ActiveCfg = Debug|Any CPU
		{CCE213FC-2652-4123-A84A-15BB341B6FFE}.Debug|x64.Build.0 = Debug|Any CPU
		{CCE213FC-2652-4123-A84A-15BB341B6FFE}.Debug|x86.ActiveCfg = Debug|Any CPU
		{CCE213FC-2652-4123-A84A-15BB341B6FFE}.Debug|x86.Build.0 = Debug|Any CPU
		{CCE213FC-2652-4123-A84A-15BB341B6FFE}.Release|Any CPU.ActiveCfg = Release|Any CPU
		{CCE213FC-2652-4123-A84A-15BB341B6FFE}.Release|Any CPU.Build.0 = Release|Any CPU
		{CCE213FC-2652-4123-A84A-15BB341B6FFE}.Release|x64.ActiveCfg = Release|Any CPU
		{CCE213FC-2652-4123-A84A-15BB341B6FFE}.Release|x64.Build.0 = Release|Any CPU
		{CCE213FC-2652-4123-A84A-15BB341B6FFE}.Release|x86.ActiveCfg = Release|Any CPU
		{CCE213FC-2652-4123-A84A-15BB341B6FFE}.Release|x86.Build.0 = Release|Any CPU
		{AA7FB958-59FB-42AA-8202-1149AFD64E5C}.Debug|Any CPU.ActiveCfg = Debug|Any CPU
		{AA7FB958-59FB-42AA-8202-1149AFD64E5C}.Debug|Any CPU.Build.0 = Debug|Any CPU
		{AA7FB958-59FB-42AA-8202-1149AFD64E5C}.Debug|x64.ActiveCfg = Debug|Any CPU
		{AA7FB958-59FB-42AA-8202-1149AFD64E5C}.Debug|x64.Build.0 = Debug|Any CPU
		{AA7FB958-59FB-42AA-8202-1149AFD64E5C}.Debug|x86.ActiveCfg = Debug|Any CPU
		{AA7FB958-59FB-42AA-8202-1149AFD64E5C}.Debug|x86.Build.0 = Debug|Any CPU
		{AA7FB958-59FB-42AA-8202-1149AFD64E5C}.Release|Any CPU.ActiveCfg = Release|Any CPU
		{AA7FB958-59FB-42AA-8202-1149AFD64E5C}.Release|Any CPU.Build.0 = Release|Any CPU
		{AA7FB958-59FB-42AA-8202-1149AFD64E5C}.Release|x64.ActiveCfg = Release|Any CPU
		{AA7FB958-59FB-42AA-8202-1149AFD64E5C}.Release|x64.Build.0 = Release|Any CPU
		{AA7FB958-59FB-42AA-8202-1149AFD64E5C}.Release|x86.ActiveCfg = Release|Any CPU
		{AA7FB958-59FB-42AA-8202-1149AFD64E5C}.Release|x86.Build.0 = Release|Any CPU
		{CDA26D49-EB7E-4963-8E99-F13C9791D8DE}.Debug|Any CPU.ActiveCfg = Debug|Any CPU
		{CDA26D49-EB7E-4963-8E99-F13C9791D8DE}.Debug|Any CPU.Build.0 = Debug|Any CPU
		{CDA26D49-EB7E-4963-8E99-F13C9791D8DE}.Debug|x64.ActiveCfg = Debug|Any CPU
		{CDA26D49-EB7E-4963-8E99-F13C9791D8DE}.Debug|x64.Build.0 = Debug|Any CPU
		{CDA26D49-EB7E-4963-8E99-F13C9791D8DE}.Debug|x86.ActiveCfg = Debug|Any CPU
		{CDA26D49-EB7E-4963-8E99-F13C9791D8DE}.Debug|x86.Build.0 = Debug|Any CPU
		{CDA26D49-EB7E-4963-8E99-F13C9791D8DE}.Release|Any CPU.ActiveCfg = Release|Any CPU
		{CDA26D49-EB7E-4963-8E99-F13C9791D8DE}.Release|Any CPU.Build.0 = Release|Any CPU
		{CDA26D49-EB7E-4963-8E99-F13C9791D8DE}.Release|x64.ActiveCfg = Release|Any CPU
		{CDA26D49-EB7E-4963-8E99-F13C9791D8DE}.Release|x64.Build.0 = Release|Any CPU
		{CDA26D49-EB7E-4963-8E99-F13C9791D8DE}.Release|x86.ActiveCfg = Release|Any CPU
		{CDA26D49-EB7E-4963-8E99-F13C9791D8DE}.Release|x86.Build.0 = Release|Any CPU
		{88AF07BA-5887-4B31-9916-29CED1DB2306}.Debug|Any CPU.ActiveCfg = Debug|Any CPU
		{88AF07BA-5887-4B31-9916-29CED1DB2306}.Debug|Any CPU.Build.0 = Debug|Any CPU
		{88AF07BA-5887-4B31-9916-29CED1DB2306}.Debug|x64.ActiveCfg = Debug|Any CPU
		{88AF07BA-5887-4B31-9916-29CED1DB2306}.Debug|x64.Build.0 = Debug|Any CPU
		{88AF07BA-5887-4B31-9916-29CED1DB2306}.Debug|x86.ActiveCfg = Debug|Any CPU
		{88AF07BA-5887-4B31-9916-29CED1DB2306}.Debug|x86.Build.0 = Debug|Any CPU
		{88AF07BA-5887-4B31-9916-29CED1DB2306}.Release|Any CPU.ActiveCfg = Release|Any CPU
		{88AF07BA-5887-4B31-9916-29CED1DB2306}.Release|Any CPU.Build.0 = Release|Any CPU
		{88AF07BA-5887-4B31-9916-29CED1DB2306}.Release|x64.ActiveCfg = Release|Any CPU
		{88AF07BA-5887-4B31-9916-29CED1DB2306}.Release|x64.Build.0 = Release|Any CPU
		{88AF07BA-5887-4B31-9916-29CED1DB2306}.Release|x86.ActiveCfg = Release|Any CPU
		{88AF07BA-5887-4B31-9916-29CED1DB2306}.Release|x86.Build.0 = Release|Any CPU
	EndGlobalSection
	GlobalSection(SolutionProperties) = preSolution
		HideSolutionNode = FALSE
	EndGlobalSection
	GlobalSection(NestedProjects) = preSolution
		{88AF07BA-5887-4B31-9916-29CED1DB2306} = {4F52FD11-658E-A102-6CD3-7D7C16FFA15B}
	EndGlobalSection
EndGlobal
